
Microsoft Visual Studio Solution File, Format Version 12.00
# Visual Studio Version 17
VisualStudioVersion = 17.6.33829.357
MinimumVisualStudioVersion = 10.0.40219.1
Project("{FAE04EC0-301F-11D3-BF4B-00C04F79EFBC}") = "Kolmeo", "Kolmeo\Kolmeo.csproj", "{7099F59E-CA4D-40CF-8ADA-5732BF672A69}"
EndProject
Project("{FAE04EC0-301F-11D3-BF4B-00C04F79EFBC}") = "Kolmeo.Tests", "Kolmeo.Tests\Kolmeo.Tests.csproj", "{0A2FAA15-77C8-4D45-839A-7F75FB49183C}"
EndProject
Global
	GlobalSection(SolutionConfigurationPlatforms) = preSolution
		Debug|Any CPU = Debug|Any CPU
		Release|Any CPU = Release|Any CPU
	EndGlobalSection
	GlobalSection(ProjectConfigurationPlatforms) = postSolution
		{7099F59E-CA4D-40CF-8ADA-5732BF672A69}.Debug|Any CPU.ActiveCfg = Debug|Any CPU
		{7099F59E-CA4D-40CF-8ADA-5732BF672A69}.Debug|Any CPU.Build.0 = Debug|Any CPU
		{7099F59E-CA4D-40CF-8ADA-5732BF672A69}.Release|Any CPU.ActiveCfg = Release|Any CPU
		{7099F59E-CA4D-40CF-8ADA-5732BF672A69}.Release|Any CPU.Build.0 = Release|Any CPU
		{0A2FAA15-77C8-4D45-839A-7F75FB49183C}.Debug|Any CPU.ActiveCfg = Debug|Any CPU
		{0A2FAA15-77C8-4D45-839A-7F75FB49183C}.Debug|Any CPU.Build.0 = Debug|Any CPU
		{0A2FAA15-77C8-4D45-839A-7F75FB49183C}.Release|Any CPU.ActiveCfg = Release|Any CPU
		{0A2FAA15-77C8-4D45-839A-7F75FB49183C}.Release|Any CPU.Build.0 = Release|Any CPU
	EndGlobalSection
	GlobalSection(SolutionProperties) = preSolution
		HideSolutionNode = FALSE
	EndGlobalSection
	GlobalSection(ExtensibilityGlobals) = postSolution
		SolutionGuid = {C9CD712C-42A4-462F-BE35-A6E4BE995E05}
	EndGlobalSection
EndGlobal
